
Microsoft Visual Studio Solution File, Format Version 12.00
# Visual Studio Version 17
VisualStudioVersion = 17.4.32804.182
MinimumVisualStudioVersion = 10.0.40219.1
Project("{FAE04EC0-301F-11D3-BF4B-00C04F79EFBC}") = "ComboBox example", "ComboBox example\ComboBox example.csproj", "{8BAF0B04-005C-4803-B856-ECDB7A6C6C80}"
EndProject
Global
	GlobalSection(SolutionConfigurationPlatforms) = preSolution
		Debug|Any CPU = Debug|Any CPU
		Release|Any CPU = Release|Any CPU
	EndGlobalSection
	GlobalSection(ProjectConfigurationPlatforms) = postSolution
		{8BAF0B04-005C-4803-B856-ECDB7A6C6C80}.Debug|Any CPU.ActiveCfg = Debug|Any CPU
		{8BAF0B04-005C-4803-B856-ECDB7A6C6C80}.Debug|Any CPU.Build.0 = Debug|Any CPU
		{8BAF0B04-005C-4803-B856-ECDB7A6C6C80}.Release|Any CPU.ActiveCfg = Release|Any CPU
		{8BAF0B04-005C-4803-B856-ECDB7A6C6C80}.Release|Any CPU.Build.0 = Release|Any CPU
	EndGlobalSection
	GlobalSection(SolutionProperties) = preSolution
		HideSolutionNode = FALSE
	EndGlobalSection
	GlobalSection(ExtensibilityGlobals) = postSolution
		SolutionGuid = {D64DC094-5993-4DD9-AE6B-5E46D76A4A34}
	EndGlobalSection
EndGlobal
